
Microsoft Visual Studio Solution File, Format Version 12.00
# Visual Studio Version 16
VisualStudioVersion = 16.0.31005.135
MinimumVisualStudioVersion = 10.0.40219.1
Project("{9A19103F-16F7-4668-BE54-9A1E7A4F7556}") = "DataAccess", "DataAccess\DataAccess.csproj", "{F4436390-4C6E-4137-87A3-5B40CB4B6A78}"
EndProject
Project("{9A19103F-16F7-4668-BE54-9A1E7A4F7556}") = "Business", "Business\Business.csproj", "{B187A2CF-1A2C-4C96-A153-E2CEE335AFAD}"
EndProject
Project("{9A19103F-16F7-4668-BE54-9A1E7A4F7556}") = "Entities", "Entities\Entities.csproj", "{D98BE352-95D0-4FF4-BD26-84BFC16C1F0D}"
EndProject
Project("{9A19103F-16F7-4668-BE54-9A1E7A4F7556}") = "ConsoleUI", "ConsoleUI\ConsoleUI.csproj", "{6A38E8A3-3BB2-4694-A3D4-9B77A1985309}"
EndProject
Project("{9A19103F-16F7-4668-BE54-9A1E7A4F7556}") = "Core", "Core\Core.csproj", "{4818AADC-943C-4B91-B0E2-E5D7C1AEDFE4}"
EndProject
Project("{FAE04EC0-301F-11D3-BF4B-00C04F79EFBC}") = "WebAPI", "WebAPI\WebAPI.csproj", "{3526278D-5B6F-42DD-B00F-DFDC5F08F812}"
EndProject
Global
	GlobalSection(SolutionConfigurationPlatforms) = preSolution
		Debug|Any CPU = Debug|Any CPU
		Release|Any CPU = Release|Any CPU
	EndGlobalSection
	GlobalSection(ProjectConfigurationPlatforms) = postSolution
		{F4436390-4C6E-4137-87A3-5B40CB4B6A78}.Debug|Any CPU.ActiveCfg = Debug|Any CPU
		{F4436390-4C6E-4137-87A3-5B40CB4B6A78}.Debug|Any CPU.Build.0 = Debug|Any CPU
		{F4436390-4C6E-4137-87A3-5B40CB4B6A78}.Release|Any CPU.ActiveCfg = Release|Any CPU
		{F4436390-4C6E-4137-87A3-5B40CB4B6A78}.Release|Any CPU.Build.0 = Release|Any CPU
		{B187A2CF-1A2C-4C96-A153-E2CEE335AFAD}.Debug|Any CPU.ActiveCfg = Debug|Any CPU
		{B187A2CF-1A2C-4C96-A153-E2CEE335AFAD}.Debug|Any CPU.Build.0 = Debug|Any CPU
		{B187A2CF-1A2C-4C96-A153-E2CEE335AFAD}.Release|Any CPU.ActiveCfg = Release|Any CPU
		{B187A2CF-1A2C-4C96-A153-E2CEE335AFAD}.Release|Any CPU.Build.0 = Release|Any CPU
		{D98BE352-95D0-4FF4-BD26-84BFC16C1F0D}.Debug|Any CPU.ActiveCfg = Debug|Any CPU
		{D98BE352-95D0-4FF4-BD26-84BFC16C1F0D}.Debug|Any CPU.Build.0 = Debug|Any CPU
		{D98BE352-95D0-4FF4-BD26-84BFC16C1F0D}.Release|Any CPU.ActiveCfg = Release|Any CPU
		{D98BE352-95D0-4FF4-BD26-84BFC16C1F0D}.Release|Any CPU.Build.0 = Release|Any CPU
		{6A38E8A3-3BB2-4694-A3D4-9B77A1985309}.Debug|Any CPU.ActiveCfg = Debug|Any CPU
		{6A38E8A3-3BB2-4694-A3D4-9B77A1985309}.Debug|Any CPU.Build.0 = Debug|Any CPU
		{6A38E8A3-3BB2-4694-A3D4-9B77A1985309}.Release|Any CPU.ActiveCfg = Release|Any CPU
		{6A38E8A3-3BB2-4694-A3D4-9B77A1985309}.Release|Any CPU.Build.0 = Release|Any CPU
		{4818AADC-943C-4B91-B0E2-E5D7C1AEDFE4}.Debug|Any CPU.ActiveCfg = Debug|Any CPU
		{4818AADC-943C-4B91-B0E2-E5D7C1AEDFE4}.Debug|Any CPU.Build.0 = Debug|Any CPU
		{4818AADC-943C-4B91-B0E2-E5D7C1AEDFE4}.Release|Any CPU.ActiveCfg = Release|Any CPU
		{4818AADC-943C-4B91-B0E2-E5D7C1AEDFE4}.Release|Any CPU.Build.0 = Release|Any CPU
		{3526278D-5B6F-42DD-B00F-DFDC5F08F812}.Debug|Any CPU.ActiveCfg = Debug|Any CPU
		{3526278D-5B6F-42DD-B00F-DFDC5F08F812}.Debug|Any CPU.Build.0 = Debug|Any CPU
		{3526278D-5B6F-42DD-B00F-DFDC5F08F812}.Release|Any CPU.ActiveCfg = Release|Any CPU
		{3526278D-5B6F-42DD-B00F-DFDC5F08F812}.Release|Any CPU.Build.0 = Release|Any CPU
	EndGlobalSection
	GlobalSection(SolutionProperties) = preSolution
		HideSolutionNode = FALSE
	EndGlobalSection
	GlobalSection(ExtensibilityGlobals) = postSolution
		SolutionGuid = {0FEBA6ED-6129-478C-863D-1C41E57208C2}
	EndGlobalSection
EndGlobal
